
Microsoft Visual Studio Solution File, Format Version 12.00
# Visual Studio Version 16
VisualStudioVersion = 16.0.31112.23
MinimumVisualStudioVersion = 10.0.40219.1
Project("{FAE04EC0-301F-11D3-BF4B-00C04F79EFBC}") = "LMU-EBurger", "LMU-EBurger.csproj", "{6EC66754-242C-4367-B7BD-6094657C0E86}"
EndProject
Global
	GlobalSection(SolutionConfigurationPlatforms) = preSolution
		Debug|Any CPU = Debug|Any CPU
		Release|Any CPU = Release|Any CPU
	EndGlobalSection
	GlobalSection(ProjectConfigurationPlatforms) = postSolution
		{6EC66754-242C-4367-B7BD-6094657C0E86}.Debug|Any CPU.ActiveCfg = Debug|Any CPU
		{6EC66754-242C-4367-B7BD-6094657C0E86}.Debug|Any CPU.Build.0 = Debug|Any CPU
		{6EC66754-242C-4367-B7BD-6094657C0E86}.Release|Any CPU.ActiveCfg = Release|Any CPU
		{6EC66754-242C-4367-B7BD-6094657C0E86}.Release|Any CPU.Build.0 = Release|Any CPU
	EndGlobalSection
	GlobalSection(SolutionProperties) = preSolution
		HideSolutionNode = FALSE
	EndGlobalSection
	GlobalSection(ExtensibilityGlobals) = postSolution
		SolutionGuid = {67702E2C-FADC-4414-8302-A936A57415B8}
	EndGlobalSection
EndGlobal
